
Microsoft Visual Studio Solution File, Format Version 12.00
# Visual Studio 15
VisualStudioVersion = 15.0.28307.438
MinimumVisualStudioVersion = 10.0.40219.1
Project("{FAE04EC0-301F-11D3-BF4B-00C04F79EFBC}") = "排序算法", "排序算法\排序算法.csproj", "{2C918F73-3F32-4655-AEBC-E01BB5796170}"
EndProject
Global
	GlobalSection(SolutionConfigurationPlatforms) = preSolution
		Debug|Any CPU = Debug|Any CPU
		Release|Any CPU = Release|Any CPU
	EndGlobalSection
	GlobalSection(ProjectConfigurationPlatforms) = postSolution
		{2C918F73-3F32-4655-AEBC-E01BB5796170}.Debug|Any CPU.ActiveCfg = Debug|Any CPU
		{2C918F73-3F32-4655-AEBC-E01BB5796170}.Debug|Any CPU.Build.0 = Debug|Any CPU
		{2C918F73-3F32-4655-AEBC-E01BB5796170}.Release|Any CPU.ActiveCfg = Release|Any CPU
		{2C918F73-3F32-4655-AEBC-E01BB5796170}.Release|Any CPU.Build.0 = Release|Any CPU
	EndGlobalSection
	GlobalSection(SolutionProperties) = preSolution
		HideSolutionNode = FALSE
	EndGlobalSection
	GlobalSection(ExtensibilityGlobals) = postSolution
		SolutionGuid = {7BA0E15E-8F79-4BED-A6FD-35ABE9B8AFAB}
	EndGlobalSection
EndGlobal
